
Microsoft Visual Studio Solution File, Format Version 12.00
# Visual Studio Version 16
VisualStudioVersion = 16.0.30804.86
MinimumVisualStudioVersion = 10.0.40219.1
Project("{9A19103F-16F7-4668-BE54-9A1E7A4F7556}") = "DataAccess", "DataAccess\DataAccess.csproj", "{72AB3D75-9F50-49D3-98AF-52FE91355080}"
EndProject
Project("{9A19103F-16F7-4668-BE54-9A1E7A4F7556}") = "Business", "Business\Business.csproj", "{C2EB6352-1882-474F-B0EA-3B86B08D2A86}"
EndProject
Project("{9A19103F-16F7-4668-BE54-9A1E7A4F7556}") = "Entities", "Entities\Entities.csproj", "{EDA6B8CA-EA02-4F15-BDD8-2CDB33C55236}"
EndProject
Project("{9A19103F-16F7-4668-BE54-9A1E7A4F7556}") = "ConsoleUI", "ConsoleUI\ConsoleUI.csproj", "{DA43D239-2269-40A6-A380-E1DFCDAF4D24}"
EndProject
Project("{9A19103F-16F7-4668-BE54-9A1E7A4F7556}") = "Core", "Core\Core.csproj", "{1AAD6F3F-086E-4B5F-BDF0-D58F65649644}"
EndProject
Project("{FAE04EC0-301F-11D3-BF4B-00C04F79EFBC}") = "WebAPI", "WebAPI\WebAPI.csproj", "{8CD01E86-6AB1-4A91-BFE5-1508CECD5969}"
EndProject
Global
	GlobalSection(SolutionConfigurationPlatforms) = preSolution
		Debug|Any CPU = Debug|Any CPU
		Release|Any CPU = Release|Any CPU
	EndGlobalSection
	GlobalSection(ProjectConfigurationPlatforms) = postSolution
		{72AB3D75-9F50-49D3-98AF-52FE91355080}.Debug|Any CPU.ActiveCfg = Debug|Any CPU
		{72AB3D75-9F50-49D3-98AF-52FE91355080}.Debug|Any CPU.Build.0 = Debug|Any CPU
		{72AB3D75-9F50-49D3-98AF-52FE91355080}.Release|Any CPU.ActiveCfg = Release|Any CPU
		{72AB3D75-9F50-49D3-98AF-52FE91355080}.Release|Any CPU.Build.0 = Release|Any CPU
		{C2EB6352-1882-474F-B0EA-3B86B08D2A86}.Debug|Any CPU.ActiveCfg = Debug|Any CPU
		{C2EB6352-1882-474F-B0EA-3B86B08D2A86}.Debug|Any CPU.Build.0 = Debug|Any CPU
		{C2EB6352-1882-474F-B0EA-3B86B08D2A86}.Release|Any CPU.ActiveCfg = Release|Any CPU
		{C2EB6352-1882-474F-B0EA-3B86B08D2A86}.Release|Any CPU.Build.0 = Release|Any CPU
		{EDA6B8CA-EA02-4F15-BDD8-2CDB33C55236}.Debug|Any CPU.ActiveCfg = Debug|Any CPU
		{EDA6B8CA-EA02-4F15-BDD8-2CDB33C55236}.Debug|Any CPU.Build.0 = Debug|Any CPU
		{EDA6B8CA-EA02-4F15-BDD8-2CDB33C55236}.Release|Any CPU.ActiveCfg = Release|Any CPU
		{EDA6B8CA-EA02-4F15-BDD8-2CDB33C55236}.Release|Any CPU.Build.0 = Release|Any CPU
		{DA43D239-2269-40A6-A380-E1DFCDAF4D24}.Debug|Any CPU.ActiveCfg = Debug|Any CPU
		{DA43D239-2269-40A6-A380-E1DFCDAF4D24}.Debug|Any CPU.Build.0 = Debug|Any CPU
		{DA43D239-2269-40A6-A380-E1DFCDAF4D24}.Release|Any CPU.ActiveCfg = Release|Any CPU
		{DA43D239-2269-40A6-A380-E1DFCDAF4D24}.Release|Any CPU.Build.0 = Release|Any CPU
		{1AAD6F3F-086E-4B5F-BDF0-D58F65649644}.Debug|Any CPU.ActiveCfg = Debug|Any CPU
		{1AAD6F3F-086E-4B5F-BDF0-D58F65649644}.Debug|Any CPU.Build.0 = Debug|Any CPU
		{1AAD6F3F-086E-4B5F-BDF0-D58F65649644}.Release|Any CPU.ActiveCfg = Release|Any CPU
		{1AAD6F3F-086E-4B5F-BDF0-D58F65649644}.Release|Any CPU.Build.0 = Release|Any CPU
		{8CD01E86-6AB1-4A91-BFE5-1508CECD5969}.Debug|Any CPU.ActiveCfg = Debug|Any CPU
		{8CD01E86-6AB1-4A91-BFE5-1508CECD5969}.Debug|Any CPU.Build.0 = Debug|Any CPU
		{8CD01E86-6AB1-4A91-BFE5-1508CECD5969}.Release|Any CPU.ActiveCfg = Release|Any CPU
		{8CD01E86-6AB1-4A91-BFE5-1508CECD5969}.Release|Any CPU.Build.0 = Release|Any CPU
	EndGlobalSection
	GlobalSection(SolutionProperties) = preSolution
		HideSolutionNode = FALSE
	EndGlobalSection
	GlobalSection(ExtensibilityGlobals) = postSolution
		SolutionGuid = {E639DF11-99F3-4855-8676-1606772790CB}
	EndGlobalSection
EndGlobal
